// !$*UTF8*$!
{
	archiveVersion = 1;
	classes = {
	};
	objectVersion = 50;
	objects = {

/* Begin PBXBuildFile section */
		E04FF9D92216C15A0001615A /* MyView.m in Sources */ = {isa = PBXBuildFile; fileRef = E04FF9D82216C15A0001615A /* MyView.m */; };
		E04FF9DB2216C1830001615A /* MyView.xib in Resources */ = {isa = PBXBuildFile; fileRef = E04FF9DA2216C1830001615A /* MyView.xib */; };
		E0BA4474221652CE0062B5D4 /* AppDelegate.m in Sources */ = {isa = PBXBuildFile; fileRef = E0BA4473221652CE0062B5D4 /* AppDelegate.m */; };
		E0BA4477221652CE0062B5D4 /* ViewController.m in Sources */ = {isa = PBXBuildFile; fileRef = E0BA4476221652CE0062B5D4 /* ViewController.m */; };
		E0BA447A221652CE0062B5D4 /* Main.storyboard in Resources */ = {isa = PBXBuildFile; fileRef = E0BA4478221652CE0062B5D4 /* Main.storyboard */; };
		E0BA447C221652CF0062B5D4 /* Assets.xcassets in Resources */ = {isa = PBXBuildFile; fileRef = E0BA447B221652CF0062B5D4 /* Assets.xcassets */; };
		E0BA447F221652CF0062B5D4 /* LaunchScreen.storyboard in Resources */ = {isa = PBXBuildFile; fileRef = E0BA447D221652CF0062B5D4 /* LaunchScreen.storyboard */; };
		E0BA4482221652CF0062B5D4 /* main.m in Sources */ = {isa = PBXBuildFile; fileRef = E0BA4481221652CF0062B5D4 /* main.m */; };
		E0BA448B221653620062B5D4 /* NibLoader.m in Sources */ = {isa = PBXBuildFile; fileRef = E0BA448A221653620062B5D4 /* NibLoader.m */; };
		E0BA4490221658BD0062B5D4 /* BaseView.m in Sources */ = {isa = PBXBuildFile; fileRef = E0BA448F221658BD0062B5D4 /* BaseView.m */; };
		E0BA4492221658DA0062B5D4 /* BaseView.xib in Resources */ = {isa = PBXBuildFile; fileRef = E0BA4491221658DA0062B5D4 /* BaseView.xib */; };
		E0BA449622165C100062B5D4 /* SubView.m in Sources */ = {isa = PBXBuildFile; fileRef = E0BA449522165C100062B5D4 /* SubView.m */; };
		E0BA449822165C1E0062B5D4 /* SubView.xib in Resources */ = {isa = PBXBuildFile; fileRef = E0BA449722165C1E0062B5D4 /* SubView.xib */; };
		E0BA449B22165E420062B5D4 /* loader+UIView.m in Sources */ = {isa = PBXBuildFile; fileRef = E0BA449A22165E420062B5D4 /* loader+UIView.m */; };
		E0BA449F22168B530062B5D4 /* SecView.m in Sources */ = {isa = PBXBuildFile; fileRef = E0BA449E22168B530062B5D4 /* SecView.m */; };
		E0BA44A122168B780062B5D4 /* SecView.xib in Resources */ = {isa = PBXBuildFile; fileRef = E0BA44A022168B780062B5D4 /* SecView.xib */; };
/* End PBXBuildFile section */

/* Begin PBXFileReference section */
		E04FF9D72216C15A0001615A /* MyView.h */ = {isa = PBXFileReference; lastKnownFileType = sourcecode.c.h; path = MyView.h; sourceTree = "<group>"; };
		E04FF9D82216C15A0001615A /* MyView.m */ = {isa = PBXFileReference; lastKnownFileType = sourcecode.c.objc; path = MyView.m; sourceTree = "<group>"; };
		E04FF9DA2216C1830001615A /* MyView.xib */ = {isa = PBXFileReference; lastKnownFileType = file.xib; path = MyView.xib; sourceTree = "<group>"; };
		E0BA446F221652CE0062B5D4 /* XIbInHerit.app */ = {isa = PBXFileReference; explicitFileType = wrapper.application; includeInIndex = 0; path = XIbInHerit.app; sourceTree = BUILT_PRODUCTS_DIR; };
		E0BA4472221652CE0062B5D4 /* AppDelegate.h */ = {isa = PBXFileReference; lastKnownFileType = sourcecode.c.h; path = AppDelegate.h; sourceTree = "<group>"; };
		E0BA4473221652CE0062B5D4 /* AppDelegate.m */ = {isa = PBXFileReference; lastKnownFileType = sourcecode.c.objc; path = AppDelegate.m; sourceTree = "<group>"; };
		E0BA4475221652CE0062B5D4 /* ViewController.h */ = {isa = PBXFileReference; lastKnownFileType = sourcecode.c.h; path = ViewController.h; sourceTree = "<group>"; };
		E0BA4476221652CE0062B5D4 /* ViewController.m */ = {isa = PBXFileReference; lastKnownFileType = sourcecode.c.objc; path = ViewController.m; sourceTree = "<group>"; };
		E0BA4479221652CE0062B5D4 /* Base */ = {isa = PBXFileReference; lastKnownFileType = file.storyboard; name = Base; path = Base.lproj/Main.storyboard; sourceTree = "<group>"; };
		E0BA447B221652CF0062B5D4 /* Assets.xcassets */ = {isa = PBXFileReference; lastKnownFileType = folder.assetcatalog; path = Assets.xcassets; sourceTree = "<group>"; };
		E0BA447E221652CF0062B5D4 /* Base */ = {isa = PBXFileReference; lastKnownFileType = file.storyboard; name = Base; path = Base.lproj/LaunchScreen.storyboard; sourceTree = "<group>"; };
		E0BA4480221652CF0062B5D4 /* Info.plist */ = {isa = PBXFileReference; lastKnownFileType = text.plist.xml; path = Info.plist; sourceTree = "<group>"; };
		E0BA4481221652CF0062B5D4 /* main.m */ = {isa = PBXFileReference; lastKnownFileType = sourcecode.c.objc; path = main.m; sourceTree = "<group>"; };
		E0BA4489221653620062B5D4 /* NibLoader.h */ = {isa = PBXFileReference; lastKnownFileType = sourcecode.c.h; path = NibLoader.h; sourceTree = "<group>"; };
		E0BA448A221653620062B5D4 /* NibLoader.m */ = {isa = PBXFileReference; lastKnownFileType = sourcecode.c.objc; path = NibLoader.m; sourceTree = "<group>"; };
		E0BA448E221658BD0062B5D4 /* BaseView.h */ = {isa = PBXFileReference; lastKnownFileType = sourcecode.c.h; path = BaseView.h; sourceTree = "<group>"; };
		E0BA448F221658BD0062B5D4 /* BaseView.m */ = {isa = PBXFileReference; lastKnownFileType = sourcecode.c.objc; path = BaseView.m; sourceTree = "<group>"; };
		E0BA4491221658DA0062B5D4 /* BaseView.xib */ = {isa = PBXFileReference; lastKnownFileType = file.xib; path = BaseView.xib; sourceTree = "<group>"; };
		E0BA449422165C100062B5D4 /* SubView.h */ = {isa = PBXFileReference; lastKnownFileType = sourcecode.c.h; path = SubView.h; sourceTree = "<group>"; };
		E0BA449522165C100062B5D4 /* SubView.m */ = {isa = PBXFileReference; lastKnownFileType = sourcecode.c.objc; path = SubView.m; sourceTree = "<group>"; };
		E0BA449722165C1E0062B5D4 /* SubView.xib */ = {isa = PBXFileReference; lastKnownFileType = file.xib; path = SubView.xib; sourceTree = "<group>"; };
		E0BA449922165E420062B5D4 /* loader+UIView.h */ = {isa = PBXFileReference; lastKnownFileType = sourcecode.c.h; path = "loader+UIView.h"; sourceTree = "<group>"; };
		E0BA449A22165E420062B5D4 /* loader+UIView.m */ = {isa = PBXFileReference; lastKnownFileType = sourcecode.c.objc; path = "loader+UIView.m"; sourceTree = "<group>"; };
		E0BA449D22168B530062B5D4 /* SecView.h */ = {isa = PBXFileReference; lastKnownFileType = sourcecode.c.h; path = SecView.h; sourceTree = "<group>"; };
		E0BA449E22168B530062B5D4 /* SecView.m */ = {isa = PBXFileReference; lastKnownFileType = sourcecode.c.objc; path = SecView.m; sourceTree = "<group>"; };
		E0BA44A022168B780062B5D4 /* SecView.xib */ = {isa = PBXFileReference; lastKnownFileType = file.xib; path = SecView.xib; sourceTree = "<group>"; };
/* End PBXFileReference section */

/* Begin PBXFrameworksBuildPhase section */
		E0BA446C221652CE0062B5D4 /* Frameworks */ = {
			isa = PBXFrameworksBuildPhase;
			buildActionMask = 2147483647;
			files = (
			);
			runOnlyForDeploymentPostprocessing = 0;
		};
/* End PBXFrameworksBuildPhase section */

/* Begin PBXGroup section */
		E04FF9D62216C1330001615A /* xibOther */ = {
			isa = PBXGroup;
			children = (
				E04FF9D72216C15A0001615A /* MyView.h */,
				E04FF9D82216C15A0001615A /* MyView.m */,
				E04FF9DA2216C1830001615A /* MyView.xib */,
			);
			path = xibOther;
			sourceTree = "<group>";
		};
		E0BA4466221652CE0062B5D4 = {
			isa = PBXGroup;
			children = (
				E0BA4471221652CE0062B5D4 /* XIbInHerit */,
				E0BA4470221652CE0062B5D4 /* Products */,
			);
			sourceTree = "<group>";
		};
		E0BA4470221652CE0062B5D4 /* Products */ = {
			isa = PBXGroup;
			children = (
				E0BA446F221652CE0062B5D4 /* XIbInHerit.app */,
			);
			name = Products;
			sourceTree = "<group>";
		};
		E0BA4471221652CE0062B5D4 /* XIbInHerit */ = {
			isa = PBXGroup;
			children = (
				E0BA448C221658600062B5D4 /* ViewInHerit */,
				E0BA4488221653200062B5D4 /* NibLoader */,
				E0BA4472221652CE0062B5D4 /* AppDelegate.h */,
				E0BA4473221652CE0062B5D4 /* AppDelegate.m */,
				E0BA4475221652CE0062B5D4 /* ViewController.h */,
				E0BA4476221652CE0062B5D4 /* ViewController.m */,
				E0BA4478221652CE0062B5D4 /* Main.storyboard */,
				E0BA447B221652CF0062B5D4 /* Assets.xcassets */,
				E0BA447D221652CF0062B5D4 /* LaunchScreen.storyboard */,
				E0BA4480221652CF0062B5D4 /* Info.plist */,
				E0BA4481221652CF0062B5D4 /* main.m */,
			);
			path = XIbInHerit;
			sourceTree = "<group>";
		};
		E0BA4488221653200062B5D4 /* NibLoader */ = {
			isa = PBXGroup;
			children = (
				E0BA4489221653620062B5D4 /* NibLoader.h */,
				E0BA448A221653620062B5D4 /* NibLoader.m */,
			);
			path = NibLoader;
			sourceTree = "<group>";
		};
		E0BA448C221658600062B5D4 /* ViewInHerit */ = {
			isa = PBXGroup;
			children = (
				E04FF9D62216C1330001615A /* xibOther */,
				E0BA449C22168B3D0062B5D4 /* secNib */,
				E0BA449322165BF70062B5D4 /* subNib */,
				E0BA448D2216587A0062B5D4 /* supperNib */,
				E0BA449922165E420062B5D4 /* loader+UIView.h */,
				E0BA449A22165E420062B5D4 /* loader+UIView.m */,
			);
			path = ViewInHerit;
			sourceTree = "<group>";
		};
		E0BA448D2216587A0062B5D4 /* supperNib */ = {
			isa = PBXGroup;
			children = (
				E0BA448E221658BD0062B5D4 /* BaseView.h */,
				E0BA448F221658BD0062B5D4 /* BaseView.m */,
				E0BA4491221658DA0062B5D4 /* BaseView.xib */,
			);
			path = supperNib;
			sourceTree = "<group>";
		};
		E0BA449322165BF70062B5D4 /* subNib */ = {
			isa = PBXGroup;
			children = (
				E0BA449422165C100062B5D4 /* SubView.h */,
				E0BA449522165C100062B5D4 /* SubView.m */,
				E0BA449722165C1E0062B5D4 /* SubView.xib */,
			);
			path = subNib;
			sourceTree = "<group>";
		};
		E0BA449C22168B3D0062B5D4 /* secNib */ = {
			isa = PBXGroup;
			children = (
				E0BA449D22168B530062B5D4 /* SecView.h */,
				E0BA449E22168B530062B5D4 /* SecView.m */,
				E0BA44A022168B780062B5D4 /* SecView.xib */,
			);
			path = secNib;
			sourceTree = "<group>";
		};
/* End PBXGroup section */

/* Begin PBXNativeTarget section */
		E0BA446E221652CE0062B5D4 /* XIbInHerit */ = {
			isa = PBXNativeTarget;
			buildConfigurationList = E0BA4485221652CF0062B5D4 /* Build configuration list for PBXNativeTarget "XIbInHerit" */;
			buildPhases = (
				E0BA446B221652CE0062B5D4 /* Sources */,
				E0BA446C221652CE0062B5D4 /* Frameworks */,
				E0BA446D221652CE0062B5D4 /* Resources */,
			);
			buildRules = (
			);
			dependencies = (
			);
			name = XIbInHerit;
			productName = XIbInHerit;
			productReference = E0BA446F221652CE0062B5D4 /* XIbInHerit.app */;
			productType = "com.apple.product-type.application";
		};
/* End PBXNativeTarget section */

/* Begin PBXProject section */
		E0BA4467221652CE0062B5D4 /* Project object */ = {
			isa = PBXProject;
			attributes = {
				LastUpgradeCheck = 1010;
				ORGANIZATIONNAME = jolly;
				TargetAttributes = {
					E0BA446E221652CE0062B5D4 = {
						CreatedOnToolsVersion = 10.1;
					};
				};
			};
			buildConfigurationList = E0BA446A221652CE0062B5D4 /* Build configuration list for PBXProject "XIbInHerit" */;
			compatibilityVersion = "Xcode 9.3";
			developmentRegion = en;
			hasScannedForEncodings = 0;
			knownRegions = (
				en,
				Base,
			);
			mainGroup = E0BA4466221652CE0062B5D4;
			productRefGroup = E0BA4470221652CE0062B5D4 /* Products */;
			projectDirPath = "";
			projectRoot = "";
			targets = (
				E0BA446E221652CE0062B5D4 /* XIbInHerit */,
			);
		};
/* End PBXProject section */

/* Begin PBXResourcesBuildPhase section */
		E0BA446D221652CE0062B5D4 /* Resources */ = {
			isa = PBXResourcesBuildPhase;
			buildActionMask = 2147483647;
			files = (
				E0BA44A122168B780062B5D4 /* SecView.xib in Resources */,
				E0BA447F221652CF0062B5D4 /* LaunchScreen.storyboard in Resources */,
				E04FF9DB2216C1830001615A /* MyView.xib in Resources */,
				E0BA447C221652CF0062B5D4 /* Assets.xcassets in Resources */,
				E0BA447A221652CE0062B5D4 /* Main.storyboard in Resources */,
				E0BA449822165C1E0062B5D4 /* SubView.xib in Resources */,
				E0BA4492221658DA0062B5D4 /* BaseView.xib in Resources */,
			);
			runOnlyForDeploymentPostprocessing = 0;
		};
/* End PBXResourcesBuildPhase section */

/* Begin PBXSourcesBuildPhase section */
		E0BA446B221652CE0062B5D4 /* Sources */ = {
			isa = PBXSourcesBuildPhase;
			buildActionMask = 2147483647;
			files = (
				E0BA4477221652CE0062B5D4 /* ViewController.m in Sources */,
				E0BA4482221652CF0062B5D4 /* main.m in Sources */,
				E04FF9D92216C15A0001615A /* MyView.m in Sources */,
				E0BA449F22168B530062B5D4 /* SecView.m in Sources */,
				E0BA448B221653620062B5D4 /* NibLoader.m in Sources */,
				E0BA4490221658BD0062B5D4 /* BaseView.m in Sources */,
				E0BA4474221652CE0062B5D4 /* AppDelegate.m in Sources */,
				E0BA449622165C100062B5D4 /* SubView.m in Sources */,
				E0BA449B22165E420062B5D4 /* loader+UIView.m in Sources */,
			);
			runOnlyForDeploymentPostprocessing = 0;
		};
/* End PBXSourcesBuildPhase section */

/* Begin PBXVariantGroup section */
		E0BA4478221652CE0062B5D4 /* Main.storyboard */ = {
			isa = PBXVariantGroup;
			children = (
				E0BA4479221652CE0062B5D4 /* Base */,
			);
			name = Main.storyboard;
			sourceTree = "<group>";
		};
		E0BA447D221652CF0062B5D4 /* LaunchScreen.storyboard */ = {
			isa = PBXVariantGroup;
			children = (
				E0BA447E221652CF0062B5D4 /* Base */,
			);
			name = LaunchScreen.storyboard;
			sourceTree = "<group>";
		};
/* End PBXVariantGroup section */

/* Begin XCBuildConfiguration section */
		E0BA4483221652CF0062B5D4 /* Debug */ = {
			isa = XCBuildConfiguration;
			buildSettings = {
				ALWAYS_SEARCH_USER_PATHS = NO;
				CLANG_ANALYZER_NONNULL = YES;
				CLANG_ANALYZER_NUMBER_OBJECT_CONVERSION = YES_AGGRESSIVE;
				CLANG_CXX_LANGUAGE_STANDARD = "gnu++14";
				CLANG_CXX_LIBRARY = "libc++";
				CLANG_ENABLE_MODULES = YES;
				CLANG_ENABLE_OBJC_ARC = YES;
				CLANG_ENABLE_OBJC_WEAK = YES;
				CLANG_WARN_BLOCK_CAPTURE_AUTORELEASING = YES;
				CLANG_WARN_BOOL_CONVERSION = YES;
				CLANG_WARN_COMMA = YES;
				CLANG_WARN_CONSTANT_CONVERSION = YES;
				CLANG_WARN_DEPRECATED_OBJC_IMPLEMENTATIONS = YES;
				CLANG_WARN_DIRECT_OBJC_ISA_USAGE = YES_ERROR;
				CLANG_WARN_DOCUMENTATION_COMMENTS = YES;
				CLANG_WARN_EMPTY_BODY = YES;
				CLANG_WARN_ENUM_CONVERSION = YES;
				CLANG_WARN_INFINITE_RECURSION = YES;
				CLANG_WARN_INT_CONVERSION = YES;
				CLANG_WARN_NON_LITERAL_NULL_CONVERSION = YES;
				CLANG_WARN_OBJC_IMPLICIT_RETAIN_SELF = YES;
				CLANG_WARN_OBJC_LITERAL_CONVERSION = YES;
				CLANG_WARN_OBJC_ROOT_CLASS = YES_ERROR;
				CLANG_WARN_RANGE_LOOP_ANALYSIS = YES;
				CLANG_WARN_STRICT_PROTOTYPES = YES;
				CLANG_WARN_SUSPICIOUS_MOVE = YES;
				CLANG_WARN_UNGUARDED_AVAILABILITY = YES_AGGRESSIVE;
				CLANG_WARN_UNREACHABLE_CODE = YES;
				CLANG_WARN__DUPLICATE_METHOD_MATCH = YES;
				CODE_SIGN_IDENTITY = "iPhone Developer";
				COPY_PHASE_STRIP = NO;
				DEBUG_INFORMATION_FORMAT = dwarf;
				ENABLE_STRICT_OBJC_MSGSEND = YES;
				ENABLE_TESTABILITY = YES;
				GCC_C_LANGUAGE_STANDARD = gnu11;
				GCC_DYNAMIC_NO_PIC = NO;
				GCC_NO_COMMON_BLOCKS = YES;
				GCC_OPTIMIZATION_LEVEL = 0;
				GCC_PREPROCESSOR_DEFINITIONS = (
					"DEBUG=1",
					"$(inherited)",
				);
				GCC_WARN_64_TO_32_BIT_CONVERSION = YES;
				GCC_WARN_ABOUT_RETURN_TYPE = YES_ERROR;
				GCC_WARN_UNDECLARED_SELECTOR = YES;
				GCC_WARN_UNINITIALIZED_AUTOS = YES_AGGRESSIVE;
				GCC_WARN_UNUSED_FUNCTION = YES;
				GCC_WARN_UNUSED_VARIABLE = YES;
				IPHONEOS_DEPLOYMENT_TARGET = 12.1;
				MTL_ENABLE_DEBUG_INFO = INCLUDE_SOURCE;
				MTL_FAST_MATH = YES;
				ONLY_ACTIVE_ARCH = YES;
				SDKROOT = iphoneos;
			};
			name = Debug;
		};
		E0BA4484221652CF0062B5D4 /* Release */ = {
			isa = XCBuildConfiguration;
			buildSettings = {
				ALWAYS_SEARCH_USER_PATHS = NO;
				CLANG_ANALYZER_NONNULL = YES;
				CLANG_ANALYZER_NUMBER_OBJECT_CONVERSION = YES_AGGRESSIVE;
				CLANG_CXX_LANGUAGE_STANDARD = "gnu++14";
				CLANG_CXX_LIBRARY = "libc++";
				CLANG_ENABLE_MODULES = YES;
				CLANG_ENABLE_OBJC_ARC = YES;
				CLANG_ENABLE_OBJC_WEAK = YES;
				CLANG_WARN_BLOCK_CAPTURE_AUTORELEASING = YES;
				CLANG_WARN_BOOL_CONVERSION = YES;
				CLANG_WARN_COMMA = YES;
				CLANG_WARN_CONSTANT_CONVERSION = YES;
				CLANG_WARN_DEPRECATED_OBJC_IMPLEMENTATIONS = YES;
				CLANG_WARN_DIRECT_OBJC_ISA_USAGE = YES_ERROR;
				CLANG_WARN_DOCUMENTATION_COMMENTS = YES;
				CLANG_WARN_EMPTY_BODY = YES;
				CLANG_WARN_ENUM_CONVERSION = YES;
				CLANG_WARN_INFINITE_RECURSION = YES;
				CLANG_WARN_INT_CONVERSION = YES;
				CLANG_WARN_NON_LITERAL_NULL_CONVERSION = YES;
				CLANG_WARN_OBJC_IMPLICIT_RETAIN_SELF = YES;
				CLANG_WARN_OBJC_LITERAL_CONVERSION = YES;
				CLANG_WARN_OBJC_ROOT_CLASS = YES_ERROR;
				CLANG_WARN_RANGE_LOOP_ANALYSIS = YES;
				CLANG_WARN_STRICT_PROTOTYPES = YES;
				CLANG_WARN_SUSPICIOUS_MOVE = YES;
				CLANG_WARN_UNGUARDED_AVAILABILITY = YES_AGGRESSIVE;
				CLANG_WARN_UNREACHABLE_CODE = YES;
				CLANG_WARN__DUPLICATE_METHOD_MATCH = YES;
				CODE_SIGN_IDENTITY = "iPhone Developer";
				COPY_PHASE_STRIP = NO;
				DEBUG_INFORMATION_FORMAT = "dwarf-with-dsym";
				ENABLE_NS_ASSERTIONS = NO;
				ENABLE_STRICT_OBJC_MSGSEND = YES;
				GCC_C_LANGUAGE_STANDARD = gnu11;
				GCC_NO_COMMON_BLOCKS = YES;
				GCC_WARN_64_TO_32_BIT_CONVERSION = YES;
				GCC_WARN_ABOUT_RETURN_TYPE = YES_ERROR;
				GCC_WARN_UNDECLARED_SELECTOR = YES;
				GCC_WARN_UNINITIALIZED_AUTOS = YES_AGGRESSIVE;
				GCC_WARN_UNUSED_FUNCTION = YES;
				GCC_WARN_UNUSED_VARIABLE = YES;
				IPHONEOS_DEPLOYMENT_TARGET = 12.1;
				MTL_ENABLE_DEBUG_INFO = NO;
				MTL_FAST_MATH = YES;
				SDKROOT = iphoneos;
				VALIDATE_PRODUCT = YES;
			};
			name = Release;
		};
		E0BA4486221652CF0062B5D4 /* Debug */ = {
			isa = XCBuildConfiguration;
			buildSettings = {
				ASSETCATALOG_COMPILER_APPICON_NAME = AppIcon;
				CODE_SIGN_STYLE = Automatic;
				DEVELOPMENT_TEAM = GS3JN82W74;
				INFOPLIST_FILE = XIbInHerit/Info.plist;
				LD_RUNPATH_SEARCH_PATHS = (
					"$(inherited)",
					"@executable_path/Frameworks",
				);
				PRODUCT_BUNDLE_IDENTIFIER = com.jolly.wu.XIbInHerit;
				PRODUCT_NAME = "$(TARGET_NAME)";
				TARGETED_DEVICE_FAMILY = "1,2";
			};
			name = Debug;
		};
		E0BA4487221652CF0062B5D4 /* Release */ = {
			isa = XCBuildConfiguration;
			buildSettings = {
				ASSETCATALOG_COMPILER_APPICON_NAME = AppIcon;
				CODE_SIGN_STYLE = Automatic;
				DEVELOPMENT_TEAM = GS3JN82W74;
				INFOPLIST_FILE = XIbInHerit/Info.plist;
				LD_RUNPATH_SEARCH_PATHS = (
					"$(inherited)",
					"@executable_path/Frameworks",
				);
				PRODUCT_BUNDLE_IDENTIFIER = com.jolly.wu.XIbInHerit;
				PRODUCT_NAME = "$(TARGET_NAME)";
				TARGETED_DEVICE_FAMILY = "1,2";
			};
			name = Release;
		};
/* End XCBuildConfiguration section */

/* Begin XCConfigurationList section */
		E0BA446A221652CE0062B5D4 /* Build configuration list for PBXProject "XIbInHerit" */ = {
			isa = XCConfigurationList;
			buildConfigurations = (
				E0BA4483221652CF0062B5D4 /* Debug */,
				E0BA4484221652CF0062B5D4 /* Release */,
			);
			defaultConfigurationIsVisible = 0;
			defaultConfigurationName = Release;
		};
		E0BA4485221652CF0062B5D4 /* Build configuration list for PBXNativeTarget "XIbInHerit" */ = {
			isa = XCConfigurationList;
			buildConfigurations = (
				E0BA4486221652CF0062B5D4 /* Debug */,
				E0BA4487221652CF0062B5D4 /* Release */,
			);
			defaultConfigurationIsVisible = 0;
			defaultConfigurationName = Release;
		};
/* End XCConfigurationList section */
	};
	rootObject = E0BA4467221652CE0062B5D4 /* Project object */;
}
